
Microsoft Visual Studio Solution File, Format Version 12.00
# Visual Studio Version 16
VisualStudioVersion = 16.0.29519.87
MinimumVisualStudioVersion = 10.0.40219.1
Project("{FAE04EC0-301F-11D3-BF4B-00C04F79EFBC}") = "ITHS-DB-Lab5", "ITHS-DB-Lab5\ITHS-DB-Lab5.csproj", "{115E943A-E375-47C3-80E5-9F495EFC8B04}"
EndProject
Global
	GlobalSection(SolutionConfigurationPlatforms) = preSolution
		Debug|Any CPU = Debug|Any CPU
		Release|Any CPU = Release|Any CPU
	EndGlobalSection
	GlobalSection(ProjectConfigurationPlatforms) = postSolution
		{115E943A-E375-47C3-80E5-9F495EFC8B04}.Debug|Any CPU.ActiveCfg = Debug|Any CPU
		{115E943A-E375-47C3-80E5-9F495EFC8B04}.Debug|Any CPU.Build.0 = Debug|Any CPU
		{115E943A-E375-47C3-80E5-9F495EFC8B04}.Release|Any CPU.ActiveCfg = Release|Any CPU
		{115E943A-E375-47C3-80E5-9F495EFC8B04}.Release|Any CPU.Build.0 = Release|Any CPU
	EndGlobalSection
	GlobalSection(SolutionProperties) = preSolution
		HideSolutionNode = FALSE
	EndGlobalSection
	GlobalSection(ExtensibilityGlobals) = postSolution
		SolutionGuid = {7A3D2EE3-4AF0-4193-BD5E-73E3ADCE8BB4}
	EndGlobalSection
EndGlobal
